###############################################################
#  Generated by:      Cadence Innovus 17.11-s080_1
#  OS:                Linux x86_64(Host ID cad17)
#  Generated on:      Sat Nov 29 18:47:33 2025
#  Design:            core
#  Command:           saveIoFile -byOrder -temp core.ioc
###############################################################

(globals
    version = 3
    io_order = default
)
(iopin
    (top
	(pin name="i_clk"	 layer=2 width=0.2000 depth=0.7200 place_status=placed  )
	(pin name="i_rst_n"	 layer=2 width=0.2000 depth=0.7200 place_status=placed  )
	(pin name="i_in_valid"	 layer=2 width=0.2000 depth=0.7200 place_status=placed  )
	(pin name="i_in_data[31]"	 layer=2 width=0.2000 depth=0.7200 place_status=placed  )
	(pin name="i_in_data[30]"	 layer=2 width=0.2000 depth=0.7200 place_status=placed  )
	(pin name="i_in_data[29]"	 layer=2 width=0.2000 depth=0.7200 place_status=placed  )
	(pin name="i_in_data[28]"	 layer=2 width=0.2000 depth=0.7200 place_status=placed  )
	(pin name="i_in_data[27]"	 layer=2 width=0.2000 depth=0.7200 place_status=placed  )
	(pin name="i_in_data[26]"	 layer=2 width=0.2000 depth=0.7200 place_status=placed  )
	(pin name="i_in_data[25]"	 layer=2 width=0.2000 depth=0.7200 place_status=placed  )
	(pin name="i_in_data[24]"	 layer=2 width=0.2000 depth=0.7200 place_status=placed  )
	(pin name="i_in_data[23]"	 layer=2 width=0.2000 depth=0.7200 place_status=placed  )
	(pin name="i_in_data[22]"	 layer=2 width=0.2000 depth=0.7200 place_status=placed  )
	(pin name="i_in_data[21]"	 layer=2 width=0.2000 depth=0.7200 place_status=placed  )
	(pin name="i_in_data[20]"	 layer=2 width=0.2000 depth=0.7200 place_status=placed  )
	(pin name="i_in_data[19]"	 layer=2 width=0.2000 depth=0.7200 place_status=placed  )
	(pin name="i_in_data[18]"	 layer=2 width=0.2000 depth=0.7200 place_status=placed  )
	(pin name="i_in_data[17]"	 layer=2 width=0.2000 depth=0.7200 place_status=placed  )
	(pin name="i_in_data[16]"	 layer=2 width=0.2000 depth=0.7200 place_status=placed  )
	(pin name="i_in_data[15]"	 layer=2 width=0.2000 depth=0.7200 place_status=placed  )
	(pin name="i_in_data[14]"	 layer=2 width=0.2000 depth=0.7200 place_status=placed  )
	(pin name="i_in_data[13]"	 layer=2 width=0.2000 depth=0.7200 place_status=placed  )
	(pin name="i_in_data[12]"	 layer=2 width=0.2000 depth=0.7200 place_status=placed  )
	(pin name="i_in_data[11]"	 layer=2 width=0.2000 depth=0.7200 place_status=placed  )
	(pin name="i_in_data[10]"	 layer=2 width=0.2000 depth=0.7200 place_status=placed  )
	(pin name="i_in_data[9]"	 layer=2 width=0.2000 depth=0.7200 place_status=placed  )
	(pin name="i_in_data[8]"	 layer=2 width=0.2000 depth=0.7200 place_status=placed  )
	(pin name="i_in_data[7]"	 layer=2 width=0.2000 depth=0.7200 place_status=placed  )
	(pin name="i_in_data[6]"	 layer=2 width=0.2000 depth=0.7200 place_status=placed  )
	(pin name="i_in_data[5]"	 layer=2 width=0.2000 depth=0.7200 place_status=placed  )
	(pin name="i_in_data[4]"	 layer=2 width=0.2000 depth=0.7200 place_status=placed  )
    )
    (left
	(pin name="i_in_data[3]"	 layer=3 width=0.2000 depth=0.7200 place_status=placed  )
	(pin name="i_in_data[2]"	 layer=3 width=0.2000 depth=0.7200 place_status=placed  )
	(pin name="i_in_data[1]"	 layer=3 width=0.2000 depth=0.7200 place_status=placed  )
	(pin name="i_in_data[0]"	 layer=3 width=0.2000 depth=0.7200 place_status=placed  )
	(pin name="o_in_ready"	 layer=3 width=0.2000 depth=0.7200 place_status=placed  )
	(pin name="o_out_data1[7]"	 layer=3 width=0.2000 depth=0.7200 place_status=placed  )
	(pin name="o_out_data1[6]"	 layer=3 width=0.2000 depth=0.7200 place_status=placed  )
	(pin name="o_out_data1[5]"	 layer=3 width=0.2000 depth=0.7200 place_status=placed  )
	(pin name="o_out_data1[4]"	 layer=3 width=0.2000 depth=0.7200 place_status=placed  )
	(pin name="o_out_data1[3]"	 layer=3 width=0.2000 depth=0.7200 place_status=placed  )
	(pin name="o_out_data1[2]"	 layer=3 width=0.2000 depth=0.7200 place_status=placed  )
	(pin name="o_out_data1[1]"	 layer=3 width=0.2000 depth=0.7200 place_status=placed  )
	(pin name="o_out_data1[0]"	 layer=3 width=0.2000 depth=0.7200 place_status=placed  )
	(pin name="o_out_data2[7]"	 layer=3 width=0.2000 depth=0.7200 place_status=placed  )
	(pin name="o_out_data2[6]"	 layer=3 width=0.2000 depth=0.7200 place_status=placed  )
	(pin name="o_out_data2[5]"	 layer=3 width=0.2000 depth=0.7200 place_status=placed  )
	(pin name="o_out_data2[4]"	 layer=3 width=0.2000 depth=0.7200 place_status=placed  )
	(pin name="o_out_data2[3]"	 layer=3 width=0.2000 depth=0.7200 place_status=placed  )
	(pin name="o_out_data2[2]"	 layer=3 width=0.2000 depth=0.7200 place_status=placed  )
	(pin name="o_out_data2[1]"	 layer=3 width=0.2000 depth=0.7200 place_status=placed  )
	(pin name="o_out_data2[0]"	 layer=3 width=0.2000 depth=0.7200 place_status=placed  )
	(pin name="o_out_data3[7]"	 layer=3 width=0.2000 depth=0.7200 place_status=placed  )
	(pin name="o_out_data3[6]"	 layer=3 width=0.2000 depth=0.7200 place_status=placed  )
	(pin name="o_out_data3[5]"	 layer=3 width=0.2000 depth=0.7200 place_status=placed  )
	(pin name="o_out_data3[4]"	 layer=3 width=0.2000 depth=0.7200 place_status=placed  )
	(pin name="o_out_data3[3]"	 layer=3 width=0.2000 depth=0.7200 place_status=placed  )
	(pin name="o_out_data3[2]"	 layer=3 width=0.2000 depth=0.7200 place_status=placed  )
	(pin name="o_out_data3[1]"	 layer=3 width=0.2000 depth=0.7200 place_status=placed  )
	(pin name="o_out_data3[0]"	 layer=3 width=0.2000 depth=0.7200 place_status=placed  )
	(pin name="o_out_data4[7]"	 layer=3 width=0.2000 depth=0.7200 place_status=placed  )
	(pin name="o_out_data4[6]"	 layer=3 width=0.2000 depth=0.7200 place_status=placed  )
    )
    (bottom
	(pin name="o_out_data4[5]"	 layer=2 width=0.2000 depth=0.7200 place_status=placed  )
	(pin name="o_out_data4[4]"	 layer=2 width=0.2000 depth=0.7200 place_status=placed  )
	(pin name="o_out_data4[3]"	 layer=2 width=0.2000 depth=0.7200 place_status=placed  )
	(pin name="o_out_data4[2]"	 layer=2 width=0.2000 depth=0.7200 place_status=placed  )
	(pin name="o_out_data4[1]"	 layer=2 width=0.2000 depth=0.7200 place_status=placed  )
	(pin name="o_out_data4[0]"	 layer=2 width=0.2000 depth=0.7200 place_status=placed  )
	(pin name="o_out_addr1[11]"	 layer=2 width=0.2000 depth=0.7200 place_status=placed  )
	(pin name="o_out_addr1[10]"	 layer=2 width=0.2000 depth=0.7200 place_status=placed  )
	(pin name="o_out_addr1[9]"	 layer=2 width=0.2000 depth=0.7200 place_status=placed  )
	(pin name="o_out_addr1[8]"	 layer=2 width=0.2000 depth=0.7200 place_status=placed  )
	(pin name="o_out_addr1[7]"	 layer=2 width=0.2000 depth=0.7200 place_status=placed  )
	(pin name="o_out_addr1[6]"	 layer=2 width=0.2000 depth=0.7200 place_status=placed  )
	(pin name="o_out_addr1[5]"	 layer=2 width=0.2000 depth=0.7200 place_status=placed  )
	(pin name="o_out_addr1[4]"	 layer=2 width=0.2000 depth=0.7200 place_status=placed  )
	(pin name="o_out_addr1[3]"	 layer=2 width=0.2000 depth=0.7200 place_status=placed  )
	(pin name="o_out_addr1[2]"	 layer=2 width=0.2000 depth=0.7200 place_status=placed  )
	(pin name="o_out_addr1[1]"	 layer=2 width=0.2000 depth=0.7200 place_status=placed  )
	(pin name="o_out_addr1[0]"	 layer=2 width=0.2000 depth=0.7200 place_status=placed  )
	(pin name="o_out_addr2[11]"	 layer=2 width=0.2000 depth=0.7200 place_status=placed  )
	(pin name="o_out_addr2[10]"	 layer=2 width=0.2000 depth=0.7200 place_status=placed  )
	(pin name="o_out_addr2[9]"	 layer=2 width=0.2000 depth=0.7200 place_status=placed  )
	(pin name="o_out_addr2[8]"	 layer=2 width=0.2000 depth=0.7200 place_status=placed  )
	(pin name="o_out_addr2[7]"	 layer=2 width=0.2000 depth=0.7200 place_status=placed  )
	(pin name="o_out_addr2[6]"	 layer=2 width=0.2000 depth=0.7200 place_status=placed  )
	(pin name="o_out_addr2[5]"	 layer=2 width=0.2000 depth=0.7200 place_status=placed  )
	(pin name="o_out_addr2[4]"	 layer=2 width=0.2000 depth=0.7200 place_status=placed  )
	(pin name="o_out_addr2[3]"	 layer=2 width=0.2000 depth=0.7200 place_status=placed  )
	(pin name="o_out_addr2[2]"	 layer=2 width=0.2000 depth=0.7200 place_status=placed  )
	(pin name="o_out_addr2[1]"	 layer=2 width=0.2000 depth=0.7200 place_status=placed  )
	(pin name="o_out_addr2[0]"	 layer=2 width=0.2000 depth=0.7200 place_status=placed  )
	(pin name="o_out_addr3[11]"	 layer=2 width=0.2000 depth=0.7200 place_status=placed  )
    )
    (right
	(pin name="o_out_addr3[10]"	 layer=3 width=0.2000 depth=0.7200 place_status=placed  )
	(pin name="o_out_addr3[9]"	 layer=3 width=0.2000 depth=0.7200 place_status=placed  )
	(pin name="o_out_addr3[8]"	 layer=3 width=0.2000 depth=0.7200 place_status=placed  )
	(pin name="o_out_addr3[7]"	 layer=3 width=0.2000 depth=0.7200 place_status=placed  )
	(pin name="o_out_addr3[6]"	 layer=3 width=0.2000 depth=0.7200 place_status=placed  )
	(pin name="o_out_addr3[5]"	 layer=3 width=0.2000 depth=0.7200 place_status=placed  )
	(pin name="o_out_addr3[4]"	 layer=3 width=0.2000 depth=0.7200 place_status=placed  )
	(pin name="o_out_addr3[3]"	 layer=3 width=0.2000 depth=0.7200 place_status=placed  )
	(pin name="o_out_addr3[2]"	 layer=3 width=0.2000 depth=0.7200 place_status=placed  )
	(pin name="o_out_addr3[1]"	 layer=3 width=0.2000 depth=0.7200 place_status=placed  )
	(pin name="o_out_addr3[0]"	 layer=3 width=0.2000 depth=0.7200 place_status=placed  )
	(pin name="o_out_addr4[11]"	 layer=3 width=0.2000 depth=0.7200 place_status=placed  )
	(pin name="o_out_addr4[10]"	 layer=3 width=0.2000 depth=0.7200 place_status=placed  )
	(pin name="o_out_addr4[9]"	 layer=3 width=0.2000 depth=0.7200 place_status=placed  )
	(pin name="o_out_addr4[8]"	 layer=3 width=0.2000 depth=0.7200 place_status=placed  )
	(pin name="o_out_addr4[7]"	 layer=3 width=0.2000 depth=0.7200 place_status=placed  )
	(pin name="o_out_addr4[6]"	 layer=3 width=0.2000 depth=0.7200 place_status=placed  )
	(pin name="o_out_addr4[5]"	 layer=3 width=0.2000 depth=0.7200 place_status=placed  )
	(pin name="o_out_addr4[4]"	 layer=3 width=0.2000 depth=0.7200 place_status=placed  )
	(pin name="o_out_addr4[3]"	 layer=3 width=0.2000 depth=0.7200 place_status=placed  )
	(pin name="o_out_addr4[2]"	 layer=3 width=0.2000 depth=0.7200 place_status=placed  )
	(pin name="o_out_addr4[1]"	 layer=3 width=0.2000 depth=0.7200 place_status=placed  )
	(pin name="o_out_addr4[0]"	 layer=3 width=0.2000 depth=0.7200 place_status=placed  )
	(pin name="o_out_valid1"	 layer=3 width=0.2000 depth=0.7200 place_status=placed  )
	(pin name="o_out_valid2"	 layer=3 width=0.2000 depth=0.7200 place_status=placed  )
	(pin name="o_out_valid3"	 layer=3 width=0.2000 depth=0.7200 place_status=placed  )
	(pin name="o_out_valid4"	 layer=3 width=0.2000 depth=0.7200 place_status=placed  )
	(pin name="o_exe_finish"	 layer=3 width=0.2000 depth=0.7200 place_status=placed  )
    )
)
